
Microsoft Visual Studio Solution File, Format Version 12.00
# Visual Studio 14
VisualStudioVersion = 14.0.24720.0
MinimumVisualStudioVersion = 10.0.40219.1
Project("{FAE04EC0-301F-11D3-BF4B-00C04F79EFBC}") = "ChatBot", "ChatBot\ChatBot.csproj", "{EC67E755-DD87-4073-9012-157FC71191FF}"
EndProject
Project("{FAE04EC0-301F-11D3-BF4B-00C04F79EFBC}") = "Client", "Client\Client.csproj", "{B174E625-5AF4-4106-8880-E189C36E3B1E}"
EndProject
Global
	GlobalSection(SolutionConfigurationPlatforms) = preSolution
		Debug|Any CPU = Debug|Any CPU
		Release|Any CPU = Release|Any CPU
	EndGlobalSection
	GlobalSection(ProjectConfigurationPlatforms) = postSolution
		{EC67E755-DD87-4073-9012-157FC71191FF}.Debug|Any CPU.ActiveCfg = Debug|Any CPU
		{EC67E755-DD87-4073-9012-157FC71191FF}.Debug|Any CPU.Build.0 = Debug|Any CPU
		{EC67E755-DD87-4073-9012-157FC71191FF}.Release|Any CPU.ActiveCfg = Release|Any CPU
		{EC67E755-DD87-4073-9012-157FC71191FF}.Release|Any CPU.Build.0 = Release|Any CPU
		{B174E625-5AF4-4106-8880-E189C36E3B1E}.Debug|Any CPU.ActiveCfg = Debug|Any CPU
		{B174E625-5AF4-4106-8880-E189C36E3B1E}.Debug|Any CPU.Build.0 = Debug|Any CPU
		{B174E625-5AF4-4106-8880-E189C36E3B1E}.Release|Any CPU.ActiveCfg = Release|Any CPU
		{B174E625-5AF4-4106-8880-E189C36E3B1E}.Release|Any CPU.Build.0 = Release|Any CPU
	EndGlobalSection
	GlobalSection(SolutionProperties) = preSolution
		HideSolutionNode = FALSE
	EndGlobalSection
EndGlobal
